// !$*UTF8*$!
{
	archiveVersion = 1;
	classes = {
	};
	objectVersion = 55;
	objects = {

/* Begin PBXBuildFile section */
		0076197927CF807C004BFD2A /* SimpleMath.swift in Sources */ = {isa = PBXBuildFile; fileRef = 0076197827CF807C004BFD2A /* SimpleMath.swift */; };
		00E4E8B027C9769E0091A9CE /* UnitTest_SwiftUIApp.swift in Sources */ = {isa = PBXBuildFile; fileRef = 00E4E8AF27C9769E0091A9CE /* UnitTest_SwiftUIApp.swift */; };
		00E4E8B227C9769E0091A9CE /* ContentView.swift in Sources */ = {isa = PBXBuildFile; fileRef = 00E4E8B127C9769E0091A9CE /* ContentView.swift */; };
		00E4E8B427C976A10091A9CE /* Assets.xcassets in Resources */ = {isa = PBXBuildFile; fileRef = 00E4E8B327C976A10091A9CE /* Assets.xcassets */; };
		00E4E8B727C976A10091A9CE /* Preview Assets.xcassets in Resources */ = {isa = PBXBuildFile; fileRef = 00E4E8B627C976A10091A9CE /* Preview Assets.xcassets */; };
		00E4E8C127C976A10091A9CE /* UnitTest_SwiftUITests.swift in Sources */ = {isa = PBXBuildFile; fileRef = 00E4E8C027C976A10091A9CE /* UnitTest_SwiftUITests.swift */; };
		00E4E8CB27C976A10091A9CE /* UnitTest_SwiftUIUITests.swift in Sources */ = {isa = PBXBuildFile; fileRef = 00E4E8CA27C976A10091A9CE /* UnitTest_SwiftUIUITests.swift */; };
		00E4E8CD27C976A10091A9CE /* UnitTest_SwiftUIUITestsLaunchTests.swift in Sources */ = {isa = PBXBuildFile; fileRef = 00E4E8CC27C976A10091A9CE /* UnitTest_SwiftUIUITestsLaunchTests.swift */; };
/* End PBXBuildFile section */

/* Begin PBXContainerItemProxy section */
		00E4E8BD27C976A10091A9CE /* PBXContainerItemProxy */ = {
			isa = PBXContainerItemProxy;
			containerPortal = 00E4E8A427C9769E0091A9CE /* Project object */;
			proxyType = 1;
			remoteGlobalIDString = 00E4E8AB27C9769E0091A9CE;
			remoteInfo = "UnitTest SwiftUI";
		};
		00E4E8C727C976A10091A9CE /* PBXContainerItemProxy */ = {
			isa = PBXContainerItemProxy;
			containerPortal = 00E4E8A427C9769E0091A9CE /* Project object */;
			proxyType = 1;
			remoteGlobalIDString = 00E4E8AB27C9769E0091A9CE;
			remoteInfo = "UnitTest SwiftUI";
		};
/* End PBXContainerItemProxy section */

/* Begin PBXFileReference section */
		0076197827CF807C004BFD2A /* SimpleMath.swift */ = {isa = PBXFileReference; lastKnownFileType = sourcecode.swift; path = SimpleMath.swift; sourceTree = "<group>"; };
		00E4E8AC27C9769E0091A9CE /* UnitTest SwiftUI.app */ = {isa = PBXFileReference; explicitFileType = wrapper.application; includeInIndex = 0; path = "UnitTest SwiftUI.app"; sourceTree = BUILT_PRODUCTS_DIR; };
		00E4E8AF27C9769E0091A9CE /* UnitTest_SwiftUIApp.swift */ = {isa = PBXFileReference; lastKnownFileType = sourcecode.swift; path = UnitTest_SwiftUIApp.swift; sourceTree = "<group>"; };
		00E4E8B127C9769E0091A9CE /* ContentView.swift */ = {isa = PBXFileReference; lastKnownFileType = sourcecode.swift; path = ContentView.swift; sourceTree = "<group>"; };
		00E4E8B327C976A10091A9CE /* Assets.xcassets */ = {isa = PBXFileReference; lastKnownFileType = folder.assetcatalog; path = Assets.xcassets; sourceTree = "<group>"; };
		00E4E8B627C976A10091A9CE /* Preview Assets.xcassets */ = {isa = PBXFileReference; lastKnownFileType = folder.assetcatalog; path = "Preview Assets.xcassets"; sourceTree = "<group>"; };
		00E4E8BC27C976A10091A9CE /* UnitTest SwiftUITests.xctest */ = {isa = PBXFileReference; explicitFileType = wrapper.cfbundle; includeInIndex = 0; path = "UnitTest SwiftUITests.xctest"; sourceTree = BUILT_PRODUCTS_DIR; };
		00E4E8C027C976A10091A9CE /* UnitTest_SwiftUITests.swift */ = {isa = PBXFileReference; lastKnownFileType = sourcecode.swift; path = UnitTest_SwiftUITests.swift; sourceTree = "<group>"; };
		00E4E8C627C976A10091A9CE /* UnitTest SwiftUIUITests.xctest */ = {isa = PBXFileReference; explicitFileType = wrapper.cfbundle; includeInIndex = 0; path = "UnitTest SwiftUIUITests.xctest"; sourceTree = BUILT_PRODUCTS_DIR; };
		00E4E8CA27C976A10091A9CE /* UnitTest_SwiftUIUITests.swift */ = {isa = PBXFileReference; lastKnownFileType = sourcecode.swift; path = UnitTest_SwiftUIUITests.swift; sourceTree = "<group>"; };
		00E4E8CC27C976A10091A9CE /* UnitTest_SwiftUIUITestsLaunchTests.swift */ = {isa = PBXFileReference; lastKnownFileType = sourcecode.swift; path = UnitTest_SwiftUIUITestsLaunchTests.swift; sourceTree = "<group>"; };
/* End PBXFileReference section */

/* Begin PBXFrameworksBuildPhase section */
		00E4E8A927C9769E0091A9CE /* Frameworks */ = {
			isa = PBXFrameworksBuildPhase;
			buildActionMask = 2147483647;
			files = (
			);
			runOnlyForDeploymentPostprocessing = 0;
		};
		00E4E8B927C976A10091A9CE /* Frameworks */ = {
			isa = PBXFrameworksBuildPhase;
			buildActionMask = 2147483647;
			files = (
			);
			runOnlyForDeploymentPostprocessing = 0;
		};
		00E4E8C327C976A10091A9CE /* Frameworks */ = {
			isa = PBXFrameworksBuildPhase;
			buildActionMask = 2147483647;
			files = (
			);
			runOnlyForDeploymentPostprocessing = 0;
		};
/* End PBXFrameworksBuildPhase section */

/* Begin PBXGroup section */
		00E4E8A327C9769E0091A9CE = {
			isa = PBXGroup;
			children = (
				00E4E8AE27C9769E0091A9CE /* UnitTest SwiftUI */,
				00E4E8BF27C976A10091A9CE /* UnitTest SwiftUITests */,
				00E4E8C927C976A10091A9CE /* UnitTest SwiftUIUITests */,
				00E4E8AD27C9769E0091A9CE /* Products */,
			);
			sourceTree = "<group>";
		};
		00E4E8AD27C9769E0091A9CE /* Products */ = {
			isa = PBXGroup;
			children = (
				00E4E8AC27C9769E0091A9CE /* UnitTest SwiftUI.app */,
				00E4E8BC27C976A10091A9CE /* UnitTest SwiftUITests.xctest */,
				00E4E8C627C976A10091A9CE /* UnitTest SwiftUIUITests.xctest */,
			);
			name = Products;
			sourceTree = "<group>";
		};
		00E4E8AE27C9769E0091A9CE /* UnitTest SwiftUI */ = {
			isa = PBXGroup;
			children = (
				00E4E8AF27C9769E0091A9CE /* UnitTest_SwiftUIApp.swift */,
				00E4E8B127C9769E0091A9CE /* ContentView.swift */,
				0076197827CF807C004BFD2A /* SimpleMath.swift */,
				00E4E8B327C976A10091A9CE /* Assets.xcassets */,
				00E4E8B527C976A10091A9CE /* Preview Content */,
			);
			path = "UnitTest SwiftUI";
			sourceTree = "<group>";
		};
		00E4E8B527C976A10091A9CE /* Preview Content */ = {
			isa = PBXGroup;
			children = (
				00E4E8B627C976A10091A9CE /* Preview Assets.xcassets */,
			);
			path = "Preview Content";
			sourceTree = "<group>";
		};
		00E4E8BF27C976A10091A9CE /* UnitTest SwiftUITests */ = {
			isa = PBXGroup;
			children = (
				00E4E8C027C976A10091A9CE /* UnitTest_SwiftUITests.swift */,
			);
			path = "UnitTest SwiftUITests";
			sourceTree = "<group>";
		};
		00E4E8C927C976A10091A9CE /* UnitTest SwiftUIUITests */ = {
			isa = PBXGroup;
			children = (
				00E4E8CA27C976A10091A9CE /* UnitTest_SwiftUIUITests.swift */,
				00E4E8CC27C976A10091A9CE /* UnitTest_SwiftUIUITestsLaunchTests.swift */,
			);
			path = "UnitTest SwiftUIUITests";
			sourceTree = "<group>";
		};
/* End PBXGroup section */

/* Begin PBXNativeTarget section */
		00E4E8AB27C9769E0091A9CE /* UnitTest SwiftUI */ = {
			isa = PBXNativeTarget;
			buildConfigurationList = 00E4E8D027C976A10091A9CE /* Build configuration list for PBXNativeTarget "UnitTest SwiftUI" */;
			buildPhases = (
				00E4E8A827C9769E0091A9CE /* Sources */,
				00E4E8A927C9769E0091A9CE /* Frameworks */,
				00E4E8AA27C9769E0091A9CE /* Resources */,
			);
			buildRules = (
			);
			dependencies = (
			);
			name = "UnitTest SwiftUI";
			productName = "UnitTest SwiftUI";
			productReference = 00E4E8AC27C9769E0091A9CE /* UnitTest SwiftUI.app */;
			productType = "com.apple.product-type.application";
		};
		00E4E8BB27C976A10091A9CE /* UnitTest SwiftUITests */ = {
			isa = PBXNativeTarget;
			buildConfigurationList = 00E4E8D327C976A10091A9CE /* Build configuration list for PBXNativeTarget "UnitTest SwiftUITests" */;
			buildPhases = (
				00E4E8B827C976A10091A9CE /* Sources */,
				00E4E8B927C976A10091A9CE /* Frameworks */,
				00E4E8BA27C976A10091A9CE /* Resources */,
			);
			buildRules = (
			);
			dependencies = (
				00E4E8BE27C976A10091A9CE /* PBXTargetDependency */,
			);
			name = "UnitTest SwiftUITests";
			productName = "UnitTest SwiftUITests";
			productReference = 00E4E8BC27C976A10091A9CE /* UnitTest SwiftUITests.xctest */;
			productType = "com.apple.product-type.bundle.unit-test";
		};
		00E4E8C527C976A10091A9CE /* UnitTest SwiftUIUITests */ = {
			isa = PBXNativeTarget;
			buildConfigurationList = 00E4E8D627C976A10091A9CE /* Build configuration list for PBXNativeTarget "UnitTest SwiftUIUITests" */;
			buildPhases = (
				00E4E8C227C976A10091A9CE /* Sources */,
				00E4E8C327C976A10091A9CE /* Frameworks */,
				00E4E8C427C976A10091A9CE /* Resources */,
			);
			buildRules = (
			);
			dependencies = (
				00E4E8C827C976A10091A9CE /* PBXTargetDependency */,
			);
			name = "UnitTest SwiftUIUITests";
			productName = "UnitTest SwiftUIUITests";
			productReference = 00E4E8C627C976A10091A9CE /* UnitTest SwiftUIUITests.xctest */;
			productType = "com.apple.product-type.bundle.ui-testing";
		};
/* End PBXNativeTarget section */

/* Begin PBXProject section */
		00E4E8A427C9769E0091A9CE /* Project object */ = {
			isa = PBXProject;
			attributes = {
				BuildIndependentTargetsInParallel = 1;
				LastSwiftUpdateCheck = 1320;
				LastUpgradeCheck = 1320;
				TargetAttributes = {
					00E4E8AB27C9769E0091A9CE = {
						CreatedOnToolsVersion = 13.2.1;
					};
					00E4E8BB27C976A10091A9CE = {
						CreatedOnToolsVersion = 13.2.1;
						TestTargetID = 00E4E8AB27C9769E0091A9CE;
					};
					00E4E8C527C976A10091A9CE = {
						CreatedOnToolsVersion = 13.2.1;
						TestTargetID = 00E4E8AB27C9769E0091A9CE;
					};
				};
			};
			buildConfigurationList = 00E4E8A727C9769E0091A9CE /* Build configuration list for PBXProject "UnitTest SwiftUI" */;
			compatibilityVersion = "Xcode 13.0";
			developmentRegion = en;
			hasScannedForEncodings = 0;
			knownRegions = (
				en,
				Base,
			);
			mainGroup = 00E4E8A327C9769E0091A9CE;
			productRefGroup = 00E4E8AD27C9769E0091A9CE /* Products */;
			projectDirPath = "";
			projectRoot = "";
			targets = (
				00E4E8AB27C9769E0091A9CE /* UnitTest SwiftUI */,
				00E4E8BB27C976A10091A9CE /* UnitTest SwiftUITests */,
				00E4E8C527C976A10091A9CE /* UnitTest SwiftUIUITests */,
			);
		};
/* End PBXProject section */

/* Begin PBXResourcesBuildPhase section */
		00E4E8AA27C9769E0091A9CE /* Resources */ = {
			isa = PBXResourcesBuildPhase;
			buildActionMask = 2147483647;
			files = (
				00E4E8B727C976A10091A9CE /* Preview Assets.xcassets in Resources */,
				00E4E8B427C976A10091A9CE /* Assets.xcassets in Resources */,
			);
			runOnlyForDeploymentPostprocessing = 0;
		};
		00E4E8BA27C976A10091A9CE /* Resources */ = {
			isa = PBXResourcesBuildPhase;
			buildActionMask = 2147483647;
			files = (
			);
			runOnlyForDeploymentPostprocessing = 0;
		};
		00E4E8C427C976A10091A9CE /* Resources */ = {
			isa = PBXResourcesBuildPhase;
			buildActionMask = 2147483647;
			files = (
			);
			runOnlyForDeploymentPostprocessing = 0;
		};
/* End PBXResourcesBuildPhase section */

/* Begin PBXSourcesBuildPhase section */
		00E4E8A827C9769E0091A9CE /* Sources */ = {
			isa = PBXSourcesBuildPhase;
			buildActionMask = 2147483647;
			files = (
				0076197927CF807C004BFD2A /* SimpleMath.swift in Sources */,
				00E4E8B227C9769E0091A9CE /* ContentView.swift in Sources */,
				00E4E8B027C9769E0091A9CE /* UnitTest_SwiftUIApp.swift in Sources */,
			);
			runOnlyForDeploymentPostprocessing = 0;
		};
		00E4E8B827C976A10091A9CE /* Sources */ = {
			isa = PBXSourcesBuildPhase;
			buildActionMask = 2147483647;
			files = (
				00E4E8C127C976A10091A9CE /* UnitTest_SwiftUITests.swift in Sources */,
			);
			runOnlyForDeploymentPostprocessing = 0;
		};
		00E4E8C227C976A10091A9CE /* Sources */ = {
			isa = PBXSourcesBuildPhase;
			buildActionMask = 2147483647;
			files = (
				00E4E8CD27C976A10091A9CE /* UnitTest_SwiftUIUITestsLaunchTests.swift in Sources */,
				00E4E8CB27C976A10091A9CE /* UnitTest_SwiftUIUITests.swift in Sources */,
			);
			runOnlyForDeploymentPostprocessing = 0;
		};
/* End PBXSourcesBuildPhase section */

/* Begin PBXTargetDependency section */
		00E4E8BE27C976A10091A9CE /* PBXTargetDependency */ = {
			isa = PBXTargetDependency;
			target = 00E4E8AB27C9769E0091A9CE /* UnitTest SwiftUI */;
			targetProxy = 00E4E8BD27C976A10091A9CE /* PBXContainerItemProxy */;
		};
		00E4E8C827C976A10091A9CE /* PBXTargetDependency */ = {
			isa = PBXTargetDependency;
			target = 00E4E8AB27C9769E0091A9CE /* UnitTest SwiftUI */;
			targetProxy = 00E4E8C727C976A10091A9CE /* PBXContainerItemProxy */;
		};
/* End PBXTargetDependency section */

/* Begin XCBuildConfiguration section */
		00E4E8CE27C976A10091A9CE /* Debug */ = {
			isa = XCBuildConfiguration;
			buildSettings = {
				ALWAYS_SEARCH_USER_PATHS = NO;
				CLANG_ANALYZER_NONNULL = YES;
				CLANG_ANALYZER_NUMBER_OBJECT_CONVERSION = YES_AGGRESSIVE;
				CLANG_CXX_LANGUAGE_STANDARD = "gnu++17";
				CLANG_CXX_LIBRARY = "libc++";
				CLANG_ENABLE_MODULES = YES;
				CLANG_ENABLE_OBJC_ARC = YES;
				CLANG_ENABLE_OBJC_WEAK = YES;
				CLANG_WARN_BLOCK_CAPTURE_AUTORELEASING = YES;
				CLANG_WARN_BOOL_CONVERSION = YES;
				CLANG_WARN_COMMA = YES;
				CLANG_WARN_CONSTANT_CONVERSION = YES;
				CLANG_WARN_DEPRECATED_OBJC_IMPLEMENTATIONS = YES;
				CLANG_WARN_DIRECT_OBJC_ISA_USAGE = YES_ERROR;
				CLANG_WARN_DOCUMENTATION_COMMENTS = YES;
				CLANG_WARN_EMPTY_BODY = YES;
				CLANG_WARN_ENUM_CONVERSION = YES;
				CLANG_WARN_INFINITE_RECURSION = YES;
				CLANG_WARN_INT_CONVERSION = YES;
				CLANG_WARN_NON_LITERAL_NULL_CONVERSION = YES;
				CLANG_WARN_OBJC_IMPLICIT_RETAIN_SELF = YES;
				CLANG_WARN_OBJC_LITERAL_CONVERSION = YES;
				CLANG_WARN_OBJC_ROOT_CLASS = YES_ERROR;
				CLANG_WARN_QUOTED_INCLUDE_IN_FRAMEWORK_HEADER = YES;
				CLANG_WARN_RANGE_LOOP_ANALYSIS = YES;
				CLANG_WARN_STRICT_PROTOTYPES = YES;
				CLANG_WARN_SUSPICIOUS_MOVE = YES;
				CLANG_WARN_UNGUARDED_AVAILABILITY = YES_AGGRESSIVE;
				CLANG_WARN_UNREACHABLE_CODE = YES;
				CLANG_WARN__DUPLICATE_METHOD_MATCH = YES;
				COPY_PHASE_STRIP = NO;
				DEBUG_INFORMATION_FORMAT = dwarf;
				ENABLE_STRICT_OBJC_MSGSEND = YES;
				ENABLE_TESTABILITY = YES;
				GCC_C_LANGUAGE_STANDARD = gnu11;
				GCC_DYNAMIC_NO_PIC = NO;
				GCC_NO_COMMON_BLOCKS = YES;
				GCC_OPTIMIZATION_LEVEL = 0;
				GCC_PREPROCESSOR_DEFINITIONS = (
					"DEBUG=1",
					"$(inherited)",
				);
				GCC_WARN_64_TO_32_BIT_CONVERSION = YES;
				GCC_WARN_ABOUT_RETURN_TYPE = YES_ERROR;
				GCC_WARN_UNDECLARED_SELECTOR = YES;
				GCC_WARN_UNINITIALIZED_AUTOS = YES_AGGRESSIVE;
				GCC_WARN_UNUSED_FUNCTION = YES;
				GCC_WARN_UNUSED_VARIABLE = YES;
				IPHONEOS_DEPLOYMENT_TARGET = 15.2;
				MTL_ENABLE_DEBUG_INFO = INCLUDE_SOURCE;
				MTL_FAST_MATH = YES;
				ONLY_ACTIVE_ARCH = YES;
				SDKROOT = iphoneos;
				SWIFT_ACTIVE_COMPILATION_CONDITIONS = DEBUG;
				SWIFT_OPTIMIZATION_LEVEL = "-Onone";
			};
			name = Debug;
		};
		00E4E8CF27C976A10091A9CE /* Release */ = {
			isa = XCBuildConfiguration;
			buildSettings = {
				ALWAYS_SEARCH_USER_PATHS = NO;
				CLANG_ANALYZER_NONNULL = YES;
				CLANG_ANALYZER_NUMBER_OBJECT_CONVERSION = YES_AGGRESSIVE;
				CLANG_CXX_LANGUAGE_STANDARD = "gnu++17";
				CLANG_CXX_LIBRARY = "libc++";
				CLANG_ENABLE_MODULES = YES;
				CLANG_ENABLE_OBJC_ARC = YES;
				CLANG_ENABLE_OBJC_WEAK = YES;
				CLANG_WARN_BLOCK_CAPTURE_AUTORELEASING = YES;
				CLANG_WARN_BOOL_CONVERSION = YES;
				CLANG_WARN_COMMA = YES;
				CLANG_WARN_CONSTANT_CONVERSION = YES;
				CLANG_WARN_DEPRECATED_OBJC_IMPLEMENTATIONS = YES;
				CLANG_WARN_DIRECT_OBJC_ISA_USAGE = YES_ERROR;
				CLANG_WARN_DOCUMENTATION_COMMENTS = YES;
				CLANG_WARN_EMPTY_BODY = YES;
				CLANG_WARN_ENUM_CONVERSION = YES;
				CLANG_WARN_INFINITE_RECURSION = YES;
				CLANG_WARN_INT_CONVERSION = YES;
				CLANG_WARN_NON_LITERAL_NULL_CONVERSION = YES;
				CLANG_WARN_OBJC_IMPLICIT_RETAIN_SELF = YES;
				CLANG_WARN_OBJC_LITERAL_CONVERSION = YES;
				CLANG_WARN_OBJC_ROOT_CLASS = YES_ERROR;
				CLANG_WARN_QUOTED_INCLUDE_IN_FRAMEWORK_HEADER = YES;
				CLANG_WARN_RANGE_LOOP_ANALYSIS = YES;
				CLANG_WARN_STRICT_PROTOTYPES = YES;
				CLANG_WARN_SUSPICIOUS_MOVE = YES;
				CLANG_WARN_UNGUARDED_AVAILABILITY = YES_AGGRESSIVE;
				CLANG_WARN_UNREACHABLE_CODE = YES;
				CLANG_WARN__DUPLICATE_METHOD_MATCH = YES;
				COPY_PHASE_STRIP = NO;
				DEBUG_INFORMATION_FORMAT = "dwarf-with-dsym";
				ENABLE_NS_ASSERTIONS = NO;
				ENABLE_STRICT_OBJC_MSGSEND = YES;
				GCC_C_LANGUAGE_STANDARD = gnu11;
				GCC_NO_COMMON_BLOCKS = YES;
				GCC_WARN_64_TO_32_BIT_CONVERSION = YES;
				GCC_WARN_ABOUT_RETURN_TYPE = YES_ERROR;
				GCC_WARN_UNDECLARED_SELECTOR = YES;
				GCC_WARN_UNINITIALIZED_AUTOS = YES_AGGRESSIVE;
				GCC_WARN_UNUSED_FUNCTION = YES;
				GCC_WARN_UNUSED_VARIABLE = YES;
				IPHONEOS_DEPLOYMENT_TARGET = 15.2;
				MTL_ENABLE_DEBUG_INFO = NO;
				MTL_FAST_MATH = YES;
				SDKROOT = iphoneos;
				SWIFT_COMPILATION_MODE = wholemodule;
				SWIFT_OPTIMIZATION_LEVEL = "-O";
				VALIDATE_PRODUCT = YES;
			};
			name = Release;
		};
		00E4E8D127C976A10091A9CE /* Debug */ = {
			isa = XCBuildConfiguration;
			buildSettings = {
				ASSETCATALOG_COMPILER_APPICON_NAME = AppIcon;
				ASSETCATALOG_COMPILER_GLOBAL_ACCENT_COLOR_NAME = AccentColor;
				CODE_SIGN_STYLE = Automatic;
				CURRENT_PROJECT_VERSION = 1;
				DEVELOPMENT_ASSET_PATHS = "\"UnitTest SwiftUI/Preview Content\"";
				DEVELOPMENT_TEAM = 86U3LK3Z76;
				ENABLE_PREVIEWS = YES;
				GENERATE_INFOPLIST_FILE = YES;
				INFOPLIST_KEY_UIApplicationSceneManifest_Generation = YES;
				INFOPLIST_KEY_UIApplicationSupportsIndirectInputEvents = YES;
				INFOPLIST_KEY_UILaunchScreen_Generation = YES;
				INFOPLIST_KEY_UISupportedInterfaceOrientations_iPad = "UIInterfaceOrientationPortrait UIInterfaceOrientationPortraitUpsideDown UIInterfaceOrientationLandscapeLeft UIInterfaceOrientationLandscapeRight";
				INFOPLIST_KEY_UISupportedInterfaceOrientations_iPhone = "UIInterfaceOrientationPortrait UIInterfaceOrientationLandscapeLeft UIInterfaceOrientationLandscapeRight";
				LD_RUNPATH_SEARCH_PATHS = (
					"$(inherited)",
					"@executable_path/Frameworks",
				);
				MARKETING_VERSION = 1.0;
				PRODUCT_BUNDLE_IDENTIFIER = "com.sergioShaon.UnitTest-SwiftUI";
				PRODUCT_NAME = "$(TARGET_NAME)";
				SWIFT_EMIT_LOC_STRINGS = YES;
				SWIFT_VERSION = 5.0;
				TARGETED_DEVICE_FAMILY = "1,2";
			};
			name = Debug;
		};
		00E4E8D227C976A10091A9CE /* Release */ = {
			isa = XCBuildConfiguration;
			buildSettings = {
				ASSETCATALOG_COMPILER_APPICON_NAME = AppIcon;
				ASSETCATALOG_COMPILER_GLOBAL_ACCENT_COLOR_NAME = AccentColor;
				CODE_SIGN_STYLE = Automatic;
				CURRENT_PROJECT_VERSION = 1;
				DEVELOPMENT_ASSET_PATHS = "\"UnitTest SwiftUI/Preview Content\"";
				DEVELOPMENT_TEAM = 86U3LK3Z76;
				ENABLE_PREVIEWS = YES;
				GENERATE_INFOPLIST_FILE = YES;
				INFOPLIST_KEY_UIApplicationSceneManifest_Generation = YES;
				INFOPLIST_KEY_UIApplicationSupportsIndirectInputEvents = YES;
				INFOPLIST_KEY_UILaunchScreen_Generation = YES;
				INFOPLIST_KEY_UISupportedInterfaceOrientations_iPad = "UIInterfaceOrientationPortrait UIInterfaceOrientationPortraitUpsideDown UIInterfaceOrientationLandscapeLeft UIInterfaceOrientationLandscapeRight";
				INFOPLIST_KEY_UISupportedInterfaceOrientations_iPhone = "UIInterfaceOrientationPortrait UIInterfaceOrientationLandscapeLeft UIInterfaceOrientationLandscapeRight";
				LD_RUNPATH_SEARCH_PATHS = (
					"$(inherited)",
					"@executable_path/Frameworks",
				);
				MARKETING_VERSION = 1.0;
				PRODUCT_BUNDLE_IDENTIFIER = "com.sergioShaon.UnitTest-SwiftUI";
				PRODUCT_NAME = "$(TARGET_NAME)";
				SWIFT_EMIT_LOC_STRINGS = YES;
				SWIFT_VERSION = 5.0;
				TARGETED_DEVICE_FAMILY = "1,2";
			};
			name = Release;
		};
		00E4E8D427C976A10091A9CE /* Debug */ = {
			isa = XCBuildConfiguration;
			buildSettings = {
				ALWAYS_EMBED_SWIFT_STANDARD_LIBRARIES = YES;
				BUNDLE_LOADER = "$(TEST_HOST)";
				CODE_SIGN_STYLE = Automatic;
				CURRENT_PROJECT_VERSION = 1;
				DEVELOPMENT_TEAM = 86U3LK3Z76;
				GENERATE_INFOPLIST_FILE = YES;
				IPHONEOS_DEPLOYMENT_TARGET = 15.2;
				MARKETING_VERSION = 1.0;
				PRODUCT_BUNDLE_IDENTIFIER = "com.sergioShaon.UnitTest-SwiftUITests";
				PRODUCT_NAME = "$(TARGET_NAME)";
				SWIFT_EMIT_LOC_STRINGS = NO;
				SWIFT_VERSION = 5.0;
				TARGETED_DEVICE_FAMILY = "1,2";
				TEST_HOST = "$(BUILT_PRODUCTS_DIR)/UnitTest SwiftUI.app/UnitTest SwiftUI";
			};
			name = Debug;
		};
		00E4E8D527C976A10091A9CE /* Release */ = {
			isa = XCBuildConfiguration;
			buildSettings = {
				ALWAYS_EMBED_SWIFT_STANDARD_LIBRARIES = YES;
				BUNDLE_LOADER = "$(TEST_HOST)";
				CODE_SIGN_STYLE = Automatic;
				CURRENT_PROJECT_VERSION = 1;
				DEVELOPMENT_TEAM = 86U3LK3Z76;
				GENERATE_INFOPLIST_FILE = YES;
				IPHONEOS_DEPLOYMENT_TARGET = 15.2;
				MARKETING_VERSION = 1.0;
				PRODUCT_BUNDLE_IDENTIFIER = "com.sergioShaon.UnitTest-SwiftUITests";
				PRODUCT_NAME = "$(TARGET_NAME)";
				SWIFT_EMIT_LOC_STRINGS = NO;
				SWIFT_VERSION = 5.0;
				TARGETED_DEVICE_FAMILY = "1,2";
				TEST_HOST = "$(BUILT_PRODUCTS_DIR)/UnitTest SwiftUI.app/UnitTest SwiftUI";
			};
			name = Release;
		};
		00E4E8D727C976A10091A9CE /* Debug */ = {
			isa = XCBuildConfiguration;
			buildSettings = {
				ALWAYS_EMBED_SWIFT_STANDARD_LIBRARIES = YES;
				CODE_SIGN_STYLE = Automatic;
				CURRENT_PROJECT_VERSION = 1;
				DEVELOPMENT_TEAM = 86U3LK3Z76;
				GENERATE_INFOPLIST_FILE = YES;
				MARKETING_VERSION = 1.0;
				PRODUCT_BUNDLE_IDENTIFIER = "com.sergioShaon.UnitTest-SwiftUIUITests";
				PRODUCT_NAME = "$(TARGET_NAME)";
				SWIFT_EMIT_LOC_STRINGS = NO;
				SWIFT_VERSION = 5.0;
				TARGETED_DEVICE_FAMILY = "1,2";
				TEST_TARGET_NAME = "UnitTest SwiftUI";
			};
			name = Debug;
		};
		00E4E8D827C976A10091A9CE /* Release */ = {
			isa = XCBuildConfiguration;
			buildSettings = {
				ALWAYS_EMBED_SWIFT_STANDARD_LIBRARIES = YES;
				CODE_SIGN_STYLE = Automatic;
				CURRENT_PROJECT_VERSION = 1;
				DEVELOPMENT_TEAM = 86U3LK3Z76;
				GENERATE_INFOPLIST_FILE = YES;
				MARKETING_VERSION = 1.0;
				PRODUCT_BUNDLE_IDENTIFIER = "com.sergioShaon.UnitTest-SwiftUIUITests";
				PRODUCT_NAME = "$(TARGET_NAME)";
				SWIFT_EMIT_LOC_STRINGS = NO;
				SWIFT_VERSION = 5.0;
				TARGETED_DEVICE_FAMILY = "1,2";
				TEST_TARGET_NAME = "UnitTest SwiftUI";
			};
			name = Release;
		};
/* End XCBuildConfiguration section */

/* Begin XCConfigurationList section */
		00E4E8A727C9769E0091A9CE /* Build configuration list for PBXProject "UnitTest SwiftUI" */ = {
			isa = XCConfigurationList;
			buildConfigurations = (
				00E4E8CE27C976A10091A9CE /* Debug */,
				00E4E8CF27C976A10091A9CE /* Release */,
			);
			defaultConfigurationIsVisible = 0;
			defaultConfigurationName = Release;
		};
		00E4E8D027C976A10091A9CE /* Build configuration list for PBXNativeTarget "UnitTest SwiftUI" */ = {
			isa = XCConfigurationList;
			buildConfigurations = (
				00E4E8D127C976A10091A9CE /* Debug */,
				00E4E8D227C976A10091A9CE /* Release */,
			);
			defaultConfigurationIsVisible = 0;
			defaultConfigurationName = Release;
		};
		00E4E8D327C976A10091A9CE /* Build configuration list for PBXNativeTarget "UnitTest SwiftUITests" */ = {
			isa = XCConfigurationList;
			buildConfigurations = (
				00E4E8D427C976A10091A9CE /* Debug */,
				00E4E8D527C976A10091A9CE /* Release */,
			);
			defaultConfigurationIsVisible = 0;
			defaultConfigurationName = Release;
		};
		00E4E8D627C976A10091A9CE /* Build configuration list for PBXNativeTarget "UnitTest SwiftUIUITests" */ = {
			isa = XCConfigurationList;
			buildConfigurations = (
				00E4E8D727C976A10091A9CE /* Debug */,
				00E4E8D827C976A10091A9CE /* Release */,
			);
			defaultConfigurationIsVisible = 0;
			defaultConfigurationName = Release;
		};
/* End XCConfigurationList section */
	};
	rootObject = 00E4E8A427C9769E0091A9CE /* Project object */;
}
